// !$*UTF8*$!
{
	archiveVersion = 1;
	classes = {
	};
	objectVersion = 56;
	objects = {

/* Begin PBXBuildFile section */
		4C308F492B65945100121C21 /* ViewController.swift in Sources */ = {isa = PBXBuildFile; fileRef = 4C308F482B65945100121C21 /* ViewController.swift */; };
		4C41EB512B658473004A192B /* face_bookApp.swift in Sources */ = {isa = PBXBuildFile; fileRef = 4C41EB502B658473004A192B /* face_bookApp.swift */; };
		4C41EB532B658473004A192B /* ContentView.swift in Sources */ = {isa = PBXBuildFile; fileRef = 4C41EB522B658473004A192B /* ContentView.swift */; };
		4C41EB572B658476004A192B /* Assets.xcassets in Resources */ = {isa = PBXBuildFile; fileRef = 4C41EB562B658476004A192B /* Assets.xcassets */; };
		4C41EB642B658476004A192B /* face_bookTests.swift in Sources */ = {isa = PBXBuildFile; fileRef = 4C41EB632B658476004A192B /* face_bookTests.swift */; };
		4C41EB6E2B658476004A192B /* face_bookUITests.swift in Sources */ = {isa = PBXBuildFile; fileRef = 4C41EB6D2B658476004A192B /* face_bookUITests.swift */; };
		4C41EB702B658476004A192B /* face_bookUITestsLaunchTests.swift in Sources */ = {isa = PBXBuildFile; fileRef = 4C41EB6F2B658476004A192B /* face_bookUITestsLaunchTests.swift */; };
		F59203652B65B03200FB18BB /* SwiftWhisper in Frameworks */ = {isa = PBXBuildFile; productRef = F59203642B65B03200FB18BB /* SwiftWhisper */; };
		F59203682B65B11F00FB18BB /* OpenAIKit in Frameworks */ = {isa = PBXBuildFile; productRef = F59203672B65B11F00FB18BB /* OpenAIKit */; };
		F592036B2B65B53300FB18BB /* SwiftDotenv in Frameworks */ = {isa = PBXBuildFile; productRef = F592036A2B65B53300FB18BB /* SwiftDotenv */; };
		F592036E2B65B79300FB18BB /* XCAOpenAIClient in Frameworks */ = {isa = PBXBuildFile; productRef = F592036D2B65B79300FB18BB /* XCAOpenAIClient */; };
		F59203712B65BDFE00FB18BB /* AudioKit in Frameworks */ = {isa = PBXBuildFile; productRef = F59203702B65BDFE00FB18BB /* AudioKit */; };
/* End PBXBuildFile section */

/* Begin PBXContainerItemProxy section */
		4C41EB602B658476004A192B /* PBXContainerItemProxy */ = {
			isa = PBXContainerItemProxy;
			containerPortal = 4C41EB452B658473004A192B /* Project object */;
			proxyType = 1;
			remoteGlobalIDString = 4C41EB4C2B658473004A192B;
			remoteInfo = "face-book";
		};
		4C41EB6A2B658476004A192B /* PBXContainerItemProxy */ = {
			isa = PBXContainerItemProxy;
			containerPortal = 4C41EB452B658473004A192B /* Project object */;
			proxyType = 1;
			remoteGlobalIDString = 4C41EB4C2B658473004A192B;
			remoteInfo = "face-book";
		};
/* End PBXContainerItemProxy section */

/* Begin PBXFileReference section */
		4C308F482B65945100121C21 /* ViewController.swift */ = {isa = PBXFileReference; lastKnownFileType = sourcecode.swift; path = ViewController.swift; sourceTree = "<group>"; };
		4C41EB4D2B658473004A192B /* face-book.app */ = {isa = PBXFileReference; explicitFileType = wrapper.application; includeInIndex = 0; path = "face-book.app"; sourceTree = BUILT_PRODUCTS_DIR; };
		4C41EB502B658473004A192B /* face_bookApp.swift */ = {isa = PBXFileReference; lastKnownFileType = sourcecode.swift; path = face_bookApp.swift; sourceTree = "<group>"; };
		4C41EB522B658473004A192B /* ContentView.swift */ = {isa = PBXFileReference; lastKnownFileType = sourcecode.swift; path = ContentView.swift; sourceTree = "<group>"; };
		4C41EB562B658476004A192B /* Assets.xcassets */ = {isa = PBXFileReference; lastKnownFileType = folder.assetcatalog; path = Assets.xcassets; sourceTree = "<group>"; };
		4C41EB5F2B658476004A192B /* face-bookTests.xctest */ = {isa = PBXFileReference; explicitFileType = wrapper.cfbundle; includeInIndex = 0; path = "face-bookTests.xctest"; sourceTree = BUILT_PRODUCTS_DIR; };
		4C41EB632B658476004A192B /* face_bookTests.swift */ = {isa = PBXFileReference; lastKnownFileType = sourcecode.swift; path = face_bookTests.swift; sourceTree = "<group>"; };
		4C41EB692B658476004A192B /* face-bookUITests.xctest */ = {isa = PBXFileReference; explicitFileType = wrapper.cfbundle; includeInIndex = 0; path = "face-bookUITests.xctest"; sourceTree = BUILT_PRODUCTS_DIR; };
		4C41EB6D2B658476004A192B /* face_bookUITests.swift */ = {isa = PBXFileReference; lastKnownFileType = sourcecode.swift; path = face_bookUITests.swift; sourceTree = "<group>"; };
		4C41EB6F2B658476004A192B /* face_bookUITestsLaunchTests.swift */ = {isa = PBXFileReference; lastKnownFileType = sourcecode.swift; path = face_bookUITestsLaunchTests.swift; sourceTree = "<group>"; };
/* End PBXFileReference section */

/* Begin PBXFrameworksBuildPhase section */
		4C41EB4A2B658473004A192B /* Frameworks */ = {
			isa = PBXFrameworksBuildPhase;
			buildActionMask = 2147483647;
			files = (
				F59203652B65B03200FB18BB /* SwiftWhisper in Frameworks */,
				F592036B2B65B53300FB18BB /* SwiftDotenv in Frameworks */,
				F59203712B65BDFE00FB18BB /* AudioKit in Frameworks */,
				F592036E2B65B79300FB18BB /* XCAOpenAIClient in Frameworks */,
				F59203682B65B11F00FB18BB /* OpenAIKit in Frameworks */,
			);
			runOnlyForDeploymentPostprocessing = 0;
		};
		4C41EB5C2B658476004A192B /* Frameworks */ = {
			isa = PBXFrameworksBuildPhase;
			buildActionMask = 2147483647;
			files = (
			);
			runOnlyForDeploymentPostprocessing = 0;
		};
		4C41EB662B658476004A192B /* Frameworks */ = {
			isa = PBXFrameworksBuildPhase;
			buildActionMask = 2147483647;
			files = (
			);
			runOnlyForDeploymentPostprocessing = 0;
		};
/* End PBXFrameworksBuildPhase section */

/* Begin PBXGroup section */
		4C41EB442B658473004A192B = {
			isa = PBXGroup;
			children = (
				4C41EB4F2B658473004A192B /* face-book */,
				4C41EB622B658476004A192B /* face-bookTests */,
				4C41EB6C2B658476004A192B /* face-bookUITests */,
				4C41EB4E2B658473004A192B /* Products */,
			);
			sourceTree = "<group>";
		};
		4C41EB4E2B658473004A192B /* Products */ = {
			isa = PBXGroup;
			children = (
				4C41EB4D2B658473004A192B /* face-book.app */,
				4C41EB5F2B658476004A192B /* face-bookTests.xctest */,
				4C41EB692B658476004A192B /* face-bookUITests.xctest */,
			);
			name = Products;
			sourceTree = "<group>";
		};
		4C41EB4F2B658473004A192B /* face-book */ = {
			isa = PBXGroup;
			children = (
				4C41EB502B658473004A192B /* face_bookApp.swift */,
				4C41EB522B658473004A192B /* ContentView.swift */,
				4C41EB562B658476004A192B /* Assets.xcassets */,
				4C308F482B65945100121C21 /* ViewController.swift */,
			);
			path = "face-book";
			sourceTree = "<group>";
		};
		4C41EB622B658476004A192B /* face-bookTests */ = {
			isa = PBXGroup;
			children = (
				4C41EB632B658476004A192B /* face_bookTests.swift */,
			);
			path = "face-bookTests";
			sourceTree = "<group>";
		};
		4C41EB6C2B658476004A192B /* face-bookUITests */ = {
			isa = PBXGroup;
			children = (
				4C41EB6D2B658476004A192B /* face_bookUITests.swift */,
				4C41EB6F2B658476004A192B /* face_bookUITestsLaunchTests.swift */,
			);
			path = "face-bookUITests";
			sourceTree = "<group>";
		};
/* End PBXGroup section */

/* Begin PBXNativeTarget section */
		4C41EB4C2B658473004A192B /* face-book */ = {
			isa = PBXNativeTarget;
			buildConfigurationList = 4C41EB732B658476004A192B /* Build configuration list for PBXNativeTarget "face-book" */;
			buildPhases = (
				4C41EB492B658473004A192B /* Sources */,
				4C41EB4A2B658473004A192B /* Frameworks */,
				4C41EB4B2B658473004A192B /* Resources */,
			);
			buildRules = (
			);
			dependencies = (
			);
			name = "face-book";
			packageProductDependencies = (
				F59203642B65B03200FB18BB /* SwiftWhisper */,
				F59203672B65B11F00FB18BB /* OpenAIKit */,
				F592036A2B65B53300FB18BB /* SwiftDotenv */,
				F592036D2B65B79300FB18BB /* XCAOpenAIClient */,
				F59203702B65BDFE00FB18BB /* AudioKit */,
			);
			productName = "face-book";
			productReference = 4C41EB4D2B658473004A192B /* face-book.app */;
			productType = "com.apple.product-type.application";
		};
		4C41EB5E2B658476004A192B /* face-bookTests */ = {
			isa = PBXNativeTarget;
			buildConfigurationList = 4C41EB762B658476004A192B /* Build configuration list for PBXNativeTarget "face-bookTests" */;
			buildPhases = (
				4C41EB5B2B658476004A192B /* Sources */,
				4C41EB5C2B658476004A192B /* Frameworks */,
				4C41EB5D2B658476004A192B /* Resources */,
			);
			buildRules = (
			);
			dependencies = (
				4C41EB612B658476004A192B /* PBXTargetDependency */,
			);
			name = "face-bookTests";
			productName = "face-bookTests";
			productReference = 4C41EB5F2B658476004A192B /* face-bookTests.xctest */;
			productType = "com.apple.product-type.bundle.unit-test";
		};
		4C41EB682B658476004A192B /* face-bookUITests */ = {
			isa = PBXNativeTarget;
			buildConfigurationList = 4C41EB792B658476004A192B /* Build configuration list for PBXNativeTarget "face-bookUITests" */;
			buildPhases = (
				4C41EB652B658476004A192B /* Sources */,
				4C41EB662B658476004A192B /* Frameworks */,
				4C41EB672B658476004A192B /* Resources */,
			);
			buildRules = (
			);
			dependencies = (
				4C41EB6B2B658476004A192B /* PBXTargetDependency */,
			);
			name = "face-bookUITests";
			productName = "face-bookUITests";
			productReference = 4C41EB692B658476004A192B /* face-bookUITests.xctest */;
			productType = "com.apple.product-type.bundle.ui-testing";
		};
/* End PBXNativeTarget section */

/* Begin PBXProject section */
		4C41EB452B658473004A192B /* Project object */ = {
			isa = PBXProject;
			attributes = {
				BuildIndependentTargetsInParallel = 1;
				LastSwiftUpdateCheck = 1520;
				LastUpgradeCheck = 1520;
				TargetAttributes = {
					4C41EB4C2B658473004A192B = {
						CreatedOnToolsVersion = 15.2;
					};
					4C41EB5E2B658476004A192B = {
						CreatedOnToolsVersion = 15.2;
						TestTargetID = 4C41EB4C2B658473004A192B;
					};
					4C41EB682B658476004A192B = {
						CreatedOnToolsVersion = 15.2;
						TestTargetID = 4C41EB4C2B658473004A192B;
					};
				};
			};
			buildConfigurationList = 4C41EB482B658473004A192B /* Build configuration list for PBXProject "face-book" */;
			compatibilityVersion = "Xcode 14.0";
			developmentRegion = en;
			hasScannedForEncodings = 0;
			knownRegions = (
				en,
				Base,
			);
			mainGroup = 4C41EB442B658473004A192B;
			packageReferences = (
				F59203632B65B03200FB18BB /* XCRemoteSwiftPackageReference "SwiftWhisper" */,
				F59203662B65B11F00FB18BB /* XCRemoteSwiftPackageReference "OpenAI" */,
				F59203692B65B53300FB18BB /* XCRemoteSwiftPackageReference "swift-dotenv" */,
				F592036C2B65B79300FB18BB /* XCRemoteSwiftPackageReference "XCAOpenAIClient" */,
				F592036F2B65BDFE00FB18BB /* XCRemoteSwiftPackageReference "AudioKit" */,
			);
			productRefGroup = 4C41EB4E2B658473004A192B /* Products */;
			projectDirPath = "";
			projectRoot = "";
			targets = (
				4C41EB4C2B658473004A192B /* face-book */,
				4C41EB5E2B658476004A192B /* face-bookTests */,
				4C41EB682B658476004A192B /* face-bookUITests */,
			);
		};
/* End PBXProject section */

/* Begin PBXResourcesBuildPhase section */
		4C41EB4B2B658473004A192B /* Resources */ = {
			isa = PBXResourcesBuildPhase;
			buildActionMask = 2147483647;
			files = (
				4C41EB572B658476004A192B /* Assets.xcassets in Resources */,
			);
			runOnlyForDeploymentPostprocessing = 0;
		};
		4C41EB5D2B658476004A192B /* Resources */ = {
			isa = PBXResourcesBuildPhase;
			buildActionMask = 2147483647;
			files = (
			);
			runOnlyForDeploymentPostprocessing = 0;
		};
		4C41EB672B658476004A192B /* Resources */ = {
			isa = PBXResourcesBuildPhase;
			buildActionMask = 2147483647;
			files = (
			);
			runOnlyForDeploymentPostprocessing = 0;
		};
/* End PBXResourcesBuildPhase section */

/* Begin PBXSourcesBuildPhase section */
		4C41EB492B658473004A192B /* Sources */ = {
			isa = PBXSourcesBuildPhase;
			buildActionMask = 2147483647;
			files = (
				4C308F492B65945100121C21 /* ViewController.swift in Sources */,
				4C41EB532B658473004A192B /* ContentView.swift in Sources */,
				4C41EB512B658473004A192B /* face_bookApp.swift in Sources */,
			);
			runOnlyForDeploymentPostprocessing = 0;
		};
		4C41EB5B2B658476004A192B /* Sources */ = {
			isa = PBXSourcesBuildPhase;
			buildActionMask = 2147483647;
			files = (
				4C41EB642B658476004A192B /* face_bookTests.swift in Sources */,
			);
			runOnlyForDeploymentPostprocessing = 0;
		};
		4C41EB652B658476004A192B /* Sources */ = {
			isa = PBXSourcesBuildPhase;
			buildActionMask = 2147483647;
			files = (
				4C41EB702B658476004A192B /* face_bookUITestsLaunchTests.swift in Sources */,
				4C41EB6E2B658476004A192B /* face_bookUITests.swift in Sources */,
			);
			runOnlyForDeploymentPostprocessing = 0;
		};
/* End PBXSourcesBuildPhase section */

/* Begin PBXTargetDependency section */
		4C41EB612B658476004A192B /* PBXTargetDependency */ = {
			isa = PBXTargetDependency;
			target = 4C41EB4C2B658473004A192B /* face-book */;
			targetProxy = 4C41EB602B658476004A192B /* PBXContainerItemProxy */;
		};
		4C41EB6B2B658476004A192B /* PBXTargetDependency */ = {
			isa = PBXTargetDependency;
			target = 4C41EB4C2B658473004A192B /* face-book */;
			targetProxy = 4C41EB6A2B658476004A192B /* PBXContainerItemProxy */;
		};
/* End PBXTargetDependency section */

/* Begin XCBuildConfiguration section */
		4C41EB712B658476004A192B /* Debug */ = {
			isa = XCBuildConfiguration;
			buildSettings = {
				ALWAYS_SEARCH_USER_PATHS = NO;
				ASSETCATALOG_COMPILER_GENERATE_SWIFT_ASSET_SYMBOL_EXTENSIONS = YES;
				CLANG_ANALYZER_NONNULL = YES;
				CLANG_ANALYZER_NUMBER_OBJECT_CONVERSION = YES_AGGRESSIVE;
				CLANG_CXX_LANGUAGE_STANDARD = "gnu++20";
				CLANG_ENABLE_MODULES = YES;
				CLANG_ENABLE_OBJC_ARC = YES;
				CLANG_ENABLE_OBJC_WEAK = YES;
				CLANG_WARN_BLOCK_CAPTURE_AUTORELEASING = YES;
				CLANG_WARN_BOOL_CONVERSION = YES;
				CLANG_WARN_COMMA = YES;
				CLANG_WARN_CONSTANT_CONVERSION = YES;
				CLANG_WARN_DEPRECATED_OBJC_IMPLEMENTATIONS = YES;
				CLANG_WARN_DIRECT_OBJC_ISA_USAGE = YES_ERROR;
				CLANG_WARN_DOCUMENTATION_COMMENTS = YES;
				CLANG_WARN_EMPTY_BODY = YES;
				CLANG_WARN_ENUM_CONVERSION = YES;
				CLANG_WARN_INFINITE_RECURSION = YES;
				CLANG_WARN_INT_CONVERSION = YES;
				CLANG_WARN_NON_LITERAL_NULL_CONVERSION = YES;
				CLANG_WARN_OBJC_IMPLICIT_RETAIN_SELF = YES;
				CLANG_WARN_OBJC_LITERAL_CONVERSION = YES;
				CLANG_WARN_OBJC_ROOT_CLASS = YES_ERROR;
				CLANG_WARN_QUOTED_INCLUDE_IN_FRAMEWORK_HEADER = YES;
				CLANG_WARN_RANGE_LOOP_ANALYSIS = YES;
				CLANG_WARN_STRICT_PROTOTYPES = YES;
				CLANG_WARN_SUSPICIOUS_MOVE = YES;
				CLANG_WARN_UNGUARDED_AVAILABILITY = YES_AGGRESSIVE;
				CLANG_WARN_UNREACHABLE_CODE = YES;
				CLANG_WARN__DUPLICATE_METHOD_MATCH = YES;
				COPY_PHASE_STRIP = NO;
				DEBUG_INFORMATION_FORMAT = dwarf;
				ENABLE_STRICT_OBJC_MSGSEND = YES;
				ENABLE_TESTABILITY = YES;
				ENABLE_USER_SCRIPT_SANDBOXING = YES;
				GCC_C_LANGUAGE_STANDARD = gnu17;
				GCC_DYNAMIC_NO_PIC = NO;
				GCC_NO_COMMON_BLOCKS = YES;
				GCC_OPTIMIZATION_LEVEL = 0;
				GCC_PREPROCESSOR_DEFINITIONS = (
					"DEBUG=1",
					"$(inherited)",
				);
				GCC_WARN_64_TO_32_BIT_CONVERSION = YES;
				GCC_WARN_ABOUT_RETURN_TYPE = YES_ERROR;
				GCC_WARN_UNDECLARED_SELECTOR = YES;
				GCC_WARN_UNINITIALIZED_AUTOS = YES_AGGRESSIVE;
				GCC_WARN_UNUSED_FUNCTION = YES;
				GCC_WARN_UNUSED_VARIABLE = YES;
				IPHONEOS_DEPLOYMENT_TARGET = 17.2;
				LOCALIZATION_PREFERS_STRING_CATALOGS = YES;
				MTL_ENABLE_DEBUG_INFO = INCLUDE_SOURCE;
				MTL_FAST_MATH = YES;
				ONLY_ACTIVE_ARCH = YES;
				SDKROOT = iphoneos;
				SWIFT_ACTIVE_COMPILATION_CONDITIONS = "DEBUG $(inherited)";
				SWIFT_OPTIMIZATION_LEVEL = "-Onone";
			};
			name = Debug;
		};
		4C41EB722B658476004A192B /* Release */ = {
			isa = XCBuildConfiguration;
			buildSettings = {
				ALWAYS_SEARCH_USER_PATHS = NO;
				ASSETCATALOG_COMPILER_GENERATE_SWIFT_ASSET_SYMBOL_EXTENSIONS = YES;
				CLANG_ANALYZER_NONNULL = YES;
				CLANG_ANALYZER_NUMBER_OBJECT_CONVERSION = YES_AGGRESSIVE;
				CLANG_CXX_LANGUAGE_STANDARD = "gnu++20";
				CLANG_ENABLE_MODULES = YES;
				CLANG_ENABLE_OBJC_ARC = YES;
				CLANG_ENABLE_OBJC_WEAK = YES;
				CLANG_WARN_BLOCK_CAPTURE_AUTORELEASING = YES;
				CLANG_WARN_BOOL_CONVERSION = YES;
				CLANG_WARN_COMMA = YES;
				CLANG_WARN_CONSTANT_CONVERSION = YES;
				CLANG_WARN_DEPRECATED_OBJC_IMPLEMENTATIONS = YES;
				CLANG_WARN_DIRECT_OBJC_ISA_USAGE = YES_ERROR;
				CLANG_WARN_DOCUMENTATION_COMMENTS = YES;
				CLANG_WARN_EMPTY_BODY = YES;
				CLANG_WARN_ENUM_CONVERSION = YES;
				CLANG_WARN_INFINITE_RECURSION = YES;
				CLANG_WARN_INT_CONVERSION = YES;
				CLANG_WARN_NON_LITERAL_NULL_CONVERSION = YES;
				CLANG_WARN_OBJC_IMPLICIT_RETAIN_SELF = YES;
				CLANG_WARN_OBJC_LITERAL_CONVERSION = YES;
				CLANG_WARN_OBJC_ROOT_CLASS = YES_ERROR;
				CLANG_WARN_QUOTED_INCLUDE_IN_FRAMEWORK_HEADER = YES;
				CLANG_WARN_RANGE_LOOP_ANALYSIS = YES;
				CLANG_WARN_STRICT_PROTOTYPES = YES;
				CLANG_WARN_SUSPICIOUS_MOVE = YES;
				CLANG_WARN_UNGUARDED_AVAILABILITY = YES_AGGRESSIVE;
				CLANG_WARN_UNREACHABLE_CODE = YES;
				CLANG_WARN__DUPLICATE_METHOD_MATCH = YES;
				COPY_PHASE_STRIP = NO;
				DEBUG_INFORMATION_FORMAT = "dwarf-with-dsym";
				ENABLE_NS_ASSERTIONS = NO;
				ENABLE_STRICT_OBJC_MSGSEND = YES;
				ENABLE_USER_SCRIPT_SANDBOXING = YES;
				GCC_C_LANGUAGE_STANDARD = gnu17;
				GCC_NO_COMMON_BLOCKS = YES;
				GCC_WARN_64_TO_32_BIT_CONVERSION = YES;
				GCC_WARN_ABOUT_RETURN_TYPE = YES_ERROR;
				GCC_WARN_UNDECLARED_SELECTOR = YES;
				GCC_WARN_UNINITIALIZED_AUTOS = YES_AGGRESSIVE;
				GCC_WARN_UNUSED_FUNCTION = YES;
				GCC_WARN_UNUSED_VARIABLE = YES;
				IPHONEOS_DEPLOYMENT_TARGET = 17.2;
				LOCALIZATION_PREFERS_STRING_CATALOGS = YES;
				MTL_ENABLE_DEBUG_INFO = NO;
				MTL_FAST_MATH = YES;
				SDKROOT = iphoneos;
				SWIFT_COMPILATION_MODE = wholemodule;
				VALIDATE_PRODUCT = YES;
			};
			name = Release;
		};
		4C41EB742B658476004A192B /* Debug */ = {
			isa = XCBuildConfiguration;
			buildSettings = {
				ASSETCATALOG_COMPILER_APPICON_NAME = AppIcon;
				ASSETCATALOG_COMPILER_GLOBAL_ACCENT_COLOR_NAME = AccentColor;
				CODE_SIGN_IDENTITY = "Apple Development";
				CODE_SIGN_STYLE = Automatic;
				CURRENT_PROJECT_VERSION = 1;
				DEVELOPMENT_ASSET_PATHS = "\"face-book/Preview Content\"";
				DEVELOPMENT_TEAM = 9WQM6U392S;
				ENABLE_PREVIEWS = YES;
				GENERATE_INFOPLIST_FILE = YES;
				INFOPLIST_KEY_LSApplicationCategoryType = "";
				INFOPLIST_KEY_NSCameraUsageDescription = "App uses camera to detect faces.";
				INFOPLIST_KEY_UIApplicationSceneManifest_Generation = YES;
				INFOPLIST_KEY_UIApplicationSupportsIndirectInputEvents = YES;
				INFOPLIST_KEY_UILaunchScreen_Generation = YES;
				INFOPLIST_KEY_UISupportedInterfaceOrientations_iPad = "UIInterfaceOrientationPortrait UIInterfaceOrientationPortraitUpsideDown UIInterfaceOrientationLandscapeLeft UIInterfaceOrientationLandscapeRight";
				INFOPLIST_KEY_UISupportedInterfaceOrientations_iPhone = UIInterfaceOrientationPortrait;
				LD_RUNPATH_SEARCH_PATHS = (
					"$(inherited)",
					"@executable_path/Frameworks",
				);
				MARKETING_VERSION = 1.0;
				PRODUCT_BUNDLE_IDENTIFIER = "com.mchacks.face-book";
				PRODUCT_NAME = "$(TARGET_NAME)";
				PROVISIONING_PROFILE_SPECIFIER = "";
				SWIFT_EMIT_LOC_STRINGS = YES;
				SWIFT_VERSION = 5.0;
				TARGETED_DEVICE_FAMILY = "1,2";
			};
			name = Debug;
		};
		4C41EB752B658476004A192B /* Release */ = {
			isa = XCBuildConfiguration;
			buildSettings = {
				ASSETCATALOG_COMPILER_APPICON_NAME = AppIcon;
				ASSETCATALOG_COMPILER_GLOBAL_ACCENT_COLOR_NAME = AccentColor;
				CODE_SIGN_IDENTITY = "Apple Development";
				CODE_SIGN_STYLE = Automatic;
				CURRENT_PROJECT_VERSION = 1;
				DEVELOPMENT_ASSET_PATHS = "\"face-book/Preview Content\"";
				DEVELOPMENT_TEAM = 9WQM6U392S;
				ENABLE_PREVIEWS = YES;
				GENERATE_INFOPLIST_FILE = YES;
				INFOPLIST_KEY_LSApplicationCategoryType = "";
				INFOPLIST_KEY_NSCameraUsageDescription = "App uses camera to detect faces.";
				INFOPLIST_KEY_UIApplicationSceneManifest_Generation = YES;
				INFOPLIST_KEY_UIApplicationSupportsIndirectInputEvents = YES;
				INFOPLIST_KEY_UILaunchScreen_Generation = YES;
				INFOPLIST_KEY_UISupportedInterfaceOrientations_iPad = "UIInterfaceOrientationPortrait UIInterfaceOrientationPortraitUpsideDown UIInterfaceOrientationLandscapeLeft UIInterfaceOrientationLandscapeRight";
				INFOPLIST_KEY_UISupportedInterfaceOrientations_iPhone = UIInterfaceOrientationPortrait;
				LD_RUNPATH_SEARCH_PATHS = (
					"$(inherited)",
					"@executable_path/Frameworks",
				);
				MARKETING_VERSION = 1.0;
				PRODUCT_BUNDLE_IDENTIFIER = "com.mchacks.face-book";
				PRODUCT_NAME = "$(TARGET_NAME)";
				PROVISIONING_PROFILE_SPECIFIER = "";
				SWIFT_EMIT_LOC_STRINGS = YES;
				SWIFT_VERSION = 5.0;
				TARGETED_DEVICE_FAMILY = "1,2";
			};
			name = Release;
		};
		4C41EB772B658476004A192B /* Debug */ = {
			isa = XCBuildConfiguration;
			buildSettings = {
				ALWAYS_EMBED_SWIFT_STANDARD_LIBRARIES = YES;
				BUNDLE_LOADER = "$(TEST_HOST)";
				CODE_SIGN_STYLE = Automatic;
				CURRENT_PROJECT_VERSION = 1;
				GENERATE_INFOPLIST_FILE = YES;
				IPHONEOS_DEPLOYMENT_TARGET = 17.2;
				MARKETING_VERSION = 1.0;
				PRODUCT_BUNDLE_IDENTIFIER = "face-book.face-bookTests";
				PRODUCT_NAME = "$(TARGET_NAME)";
				SWIFT_EMIT_LOC_STRINGS = NO;
				SWIFT_VERSION = 5.0;
				TARGETED_DEVICE_FAMILY = "1,2";
				TEST_HOST = "$(BUILT_PRODUCTS_DIR)/face-book.app/$(BUNDLE_EXECUTABLE_FOLDER_PATH)/face-book";
			};
			name = Debug;
		};
		4C41EB782B658476004A192B /* Release */ = {
			isa = XCBuildConfiguration;
			buildSettings = {
				ALWAYS_EMBED_SWIFT_STANDARD_LIBRARIES = YES;
				BUNDLE_LOADER = "$(TEST_HOST)";
				CODE_SIGN_STYLE = Automatic;
				CURRENT_PROJECT_VERSION = 1;
				GENERATE_INFOPLIST_FILE = YES;
				IPHONEOS_DEPLOYMENT_TARGET = 17.2;
				MARKETING_VERSION = 1.0;
				PRODUCT_BUNDLE_IDENTIFIER = "face-book.face-bookTests";
				PRODUCT_NAME = "$(TARGET_NAME)";
				SWIFT_EMIT_LOC_STRINGS = NO;
				SWIFT_VERSION = 5.0;
				TARGETED_DEVICE_FAMILY = "1,2";
				TEST_HOST = "$(BUILT_PRODUCTS_DIR)/face-book.app/$(BUNDLE_EXECUTABLE_FOLDER_PATH)/face-book";
			};
			name = Release;
		};
		4C41EB7A2B658476004A192B /* Debug */ = {
			isa = XCBuildConfiguration;
			buildSettings = {
				ALWAYS_EMBED_SWIFT_STANDARD_LIBRARIES = YES;
				CODE_SIGN_STYLE = Automatic;
				CURRENT_PROJECT_VERSION = 1;
				GENERATE_INFOPLIST_FILE = YES;
				MARKETING_VERSION = 1.0;
				PRODUCT_BUNDLE_IDENTIFIER = "face-book.face-bookUITests";
				PRODUCT_NAME = "$(TARGET_NAME)";
				SWIFT_EMIT_LOC_STRINGS = NO;
				SWIFT_VERSION = 5.0;
				TARGETED_DEVICE_FAMILY = "1,2";
				TEST_TARGET_NAME = "face-book";
			};
			name = Debug;
		};
		4C41EB7B2B658476004A192B /* Release */ = {
			isa = XCBuildConfiguration;
			buildSettings = {
				ALWAYS_EMBED_SWIFT_STANDARD_LIBRARIES = YES;
				CODE_SIGN_STYLE = Automatic;
				CURRENT_PROJECT_VERSION = 1;
				GENERATE_INFOPLIST_FILE = YES;
				MARKETING_VERSION = 1.0;
				PRODUCT_BUNDLE_IDENTIFIER = "face-book.face-bookUITests";
				PRODUCT_NAME = "$(TARGET_NAME)";
				SWIFT_EMIT_LOC_STRINGS = NO;
				SWIFT_VERSION = 5.0;
				TARGETED_DEVICE_FAMILY = "1,2";
				TEST_TARGET_NAME = "face-book";
			};
			name = Release;
		};
/* End XCBuildConfiguration section */

/* Begin XCConfigurationList section */
		4C41EB482B658473004A192B /* Build configuration list for PBXProject "face-book" */ = {
			isa = XCConfigurationList;
			buildConfigurations = (
				4C41EB712B658476004A192B /* Debug */,
				4C41EB722B658476004A192B /* Release */,
			);
			defaultConfigurationIsVisible = 0;
			defaultConfigurationName = Release;
		};
		4C41EB732B658476004A192B /* Build configuration list for PBXNativeTarget "face-book" */ = {
			isa = XCConfigurationList;
			buildConfigurations = (
				4C41EB742B658476004A192B /* Debug */,
				4C41EB752B658476004A192B /* Release */,
			);
			defaultConfigurationIsVisible = 0;
			defaultConfigurationName = Release;
		};
		4C41EB762B658476004A192B /* Build configuration list for PBXNativeTarget "face-bookTests" */ = {
			isa = XCConfigurationList;
			buildConfigurations = (
				4C41EB772B658476004A192B /* Debug */,
				4C41EB782B658476004A192B /* Release */,
			);
			defaultConfigurationIsVisible = 0;
			defaultConfigurationName = Release;
		};
		4C41EB792B658476004A192B /* Build configuration list for PBXNativeTarget "face-bookUITests" */ = {
			isa = XCConfigurationList;
			buildConfigurations = (
				4C41EB7A2B658476004A192B /* Debug */,
				4C41EB7B2B658476004A192B /* Release */,
			);
			defaultConfigurationIsVisible = 0;
			defaultConfigurationName = Release;
		};
/* End XCConfigurationList section */

/* Begin XCRemoteSwiftPackageReference section */
		F59203632B65B03200FB18BB /* XCRemoteSwiftPackageReference "SwiftWhisper" */ = {
			isa = XCRemoteSwiftPackageReference;
			repositoryURL = "https://github.com/exPHAT/SwiftWhisper.git";
			requirement = {
				kind = upToNextMajorVersion;
				minimumVersion = 1.2.0;
			};
		};
		F59203662B65B11F00FB18BB /* XCRemoteSwiftPackageReference "OpenAI" */ = {
			isa = XCRemoteSwiftPackageReference;
			repositoryURL = "https://github.com/FuturraGroup/OpenAI.git";
			requirement = {
				kind = upToNextMajorVersion;
				minimumVersion = 1.8.0;
			};
		};
		F59203692B65B53300FB18BB /* XCRemoteSwiftPackageReference "swift-dotenv" */ = {
			isa = XCRemoteSwiftPackageReference;
			repositoryURL = "https://github.com/thebarndog/swift-dotenv.git";
			requirement = {
				kind = upToNextMajorVersion;
				minimumVersion = 2.0.0;
			};
		};
		F592036C2B65B79300FB18BB /* XCRemoteSwiftPackageReference "XCAOpenAIClient" */ = {
			isa = XCRemoteSwiftPackageReference;
			repositoryURL = "https://github.com/alfianlosari/XCAOpenAIClient";
			requirement = {
				branch = main;
				kind = branch;
			};
		};
		F592036F2B65BDFE00FB18BB /* XCRemoteSwiftPackageReference "AudioKit" */ = {
			isa = XCRemoteSwiftPackageReference;
			repositoryURL = "https://github.com/AudioKit/AudioKit.git";
			requirement = {
				kind = upToNextMajorVersion;
				minimumVersion = 5.6.2;
			};
		};
/* End XCRemoteSwiftPackageReference section */

/* Begin XCSwiftPackageProductDependency section */
		F59203642B65B03200FB18BB /* SwiftWhisper */ = {
			isa = XCSwiftPackageProductDependency;
			package = F59203632B65B03200FB18BB /* XCRemoteSwiftPackageReference "SwiftWhisper" */;
			productName = SwiftWhisper;
		};
		F59203672B65B11F00FB18BB /* OpenAIKit */ = {
			isa = XCSwiftPackageProductDependency;
			package = F59203662B65B11F00FB18BB /* XCRemoteSwiftPackageReference "OpenAI" */;
			productName = OpenAIKit;
		};
		F592036A2B65B53300FB18BB /* SwiftDotenv */ = {
			isa = XCSwiftPackageProductDependency;
			package = F59203692B65B53300FB18BB /* XCRemoteSwiftPackageReference "swift-dotenv" */;
			productName = SwiftDotenv;
		};
		F592036D2B65B79300FB18BB /* XCAOpenAIClient */ = {
			isa = XCSwiftPackageProductDependency;
			package = F592036C2B65B79300FB18BB /* XCRemoteSwiftPackageReference "XCAOpenAIClient" */;
			productName = XCAOpenAIClient;
		};
		F59203702B65BDFE00FB18BB /* AudioKit */ = {
			isa = XCSwiftPackageProductDependency;
			package = F592036F2B65BDFE00FB18BB /* XCRemoteSwiftPackageReference "AudioKit" */;
			productName = AudioKit;
		};
/* End XCSwiftPackageProductDependency section */
	};
	rootObject = 4C41EB452B658473004A192B /* Project object */;
}
